
Microsoft Visual Studio Solution File, Format Version 11.00
# Visual Studio 2010
Project("{FAE04EC0-301F-11D3-BF4B-00C04F79EFBC}") = "mvc_api", "mvc_api\mvc_api.csproj", "{DA408C08-171B-4CE1-8AB7-F1FE7A5DBC46}"
EndProject
Global
	GlobalSection(SolutionConfigurationPlatforms) = preSolution
		Debug|Any CPU = Debug|Any CPU
		Release|Any CPU = Release|Any CPU
	EndGlobalSection
	GlobalSection(ProjectConfigurationPlatforms) = postSolution
		{DA408C08-171B-4CE1-8AB7-F1FE7A5DBC46}.Debug|Any CPU.ActiveCfg = Debug|Any CPU
		{DA408C08-171B-4CE1-8AB7-F1FE7A5DBC46}.Debug|Any CPU.Build.0 = Debug|Any CPU
		{DA408C08-171B-4CE1-8AB7-F1FE7A5DBC46}.Release|Any CPU.ActiveCfg = Release|Any CPU
		{DA408C08-171B-4CE1-8AB7-F1FE7A5DBC46}.Release|Any CPU.Build.0 = Release|Any CPU
	EndGlobalSection
	GlobalSection(SolutionProperties) = preSolution
		HideSolutionNode = FALSE
	EndGlobalSection
EndGlobal
